
Microsoft Visual Studio Solution File, Format Version 12.00
# Visual Studio Version 17
VisualStudioVersion = 17.4.33403.182
MinimumVisualStudioVersion = 10.0.40219.1
Project("{9A19103F-16F7-4668-BE54-9A1E7A4F7556}") = "MeetingRecordingNotifier", "MeetingRecordingNotifier\MeetingRecordingNotifier.csproj", "{20FC8C7A-8E7A-461E-835C-D75E96DA4DFE}"
EndProject
Global
	GlobalSection(SolutionConfigurationPlatforms) = preSolution
		Debug|Any CPU = Debug|Any CPU
		Release|Any CPU = Release|Any CPU
	EndGlobalSection
	GlobalSection(ProjectConfigurationPlatforms) = postSolution
		{20FC8C7A-8E7A-461E-835C-D75E96DA4DFE}.Debug|Any CPU.ActiveCfg = Debug|Any CPU
		{20FC8C7A-8E7A-461E-835C-D75E96DA4DFE}.Debug|Any CPU.Build.0 = Debug|Any CPU
		{20FC8C7A-8E7A-461E-835C-D75E96DA4DFE}.Release|Any CPU.ActiveCfg = Release|Any CPU
		{20FC8C7A-8E7A-461E-835C-D75E96DA4DFE}.Release|Any CPU.Build.0 = Release|Any CPU
	EndGlobalSection
	GlobalSection(SolutionProperties) = preSolution
		HideSolutionNode = FALSE
	EndGlobalSection
	GlobalSection(ExtensibilityGlobals) = postSolution
		SolutionGuid = {CCB535EF-BD76-405D-9B5C-69FCD245467E}
	EndGlobalSection
EndGlobal
